{
  "lockfileVersion": 1,
  "workspaces": {
    "": {
      "name": "validation-lib-comparaison",
      "dependencies": {
        "arktype": "^2.0.0",
        "zod": "^3.24.1",
      },
      "devDependencies": {
        "@types/bun": "latest",
      },
      "peerDependencies": {
        "typescript": "^5.0.0",
      },
    },
  },
  "packages": {
    "@ark/schema": ["@ark/schema@0.36.0", "", { "dependencies": { "@ark/util": "0.36.0" } }, "sha512-1zL+9AjNk6fNcCp5krt3HxM80kFr+MskqH2Gbz60GzXsjsAVZ38xM5WFVZMEPL8VbmTqDvBiwPm7HvK972lADg=="],

    "@ark/util": ["@ark/util@0.36.0", "", {}, "sha512-3tn3udpNeoLdmU1kvJYjDnhXereB2PYHED2c2j8Q7OsIRMx+AlOCXWjsI4qjAarjjbfCsKtsdMlE2QnLrcVCuA=="],

    "@types/bun": ["@types/bun@1.2.0", "", { "dependencies": { "bun-types": "1.2.0" } }, "sha512-5N1JqdahfpBlAv4wy6svEYcd/YfO2GNrbL95JOmFx8nkE6dbK4R0oSE5SpBA4vBRqgrOUAXF8Dpiz+gi7r80SA=="],

    "@types/node": ["@types/node@22.10.10", "", { "dependencies": { "undici-types": "~6.20.0" } }, "sha512-X47y/mPNzxviAGY5TcYPtYL8JsY3kAq2n8fMmKoRCxq/c4v4pyGNCzM2R6+M5/umG4ZfHuT+sgqDYqWc9rJ6ww=="],

    "@types/ws": ["@types/ws@8.5.14", "", { "dependencies": { "@types/node": "*" } }, "sha512-bd/YFLW+URhBzMXurx7lWByOu+xzU9+kb3RboOteXYDfW+tr+JZa99OyNmPINEGB/ahzKrEuc8rcv4gnpJmxTw=="],

    "arktype": ["arktype@2.0.1", "", { "dependencies": { "@ark/schema": "0.36.0", "@ark/util": "0.36.0" } }, "sha512-IfczIefYOd2Omac9J1MH8YKmhGe4pQor1rg3w9mc6m8DA9fSnBRI7GF0XP8GQiHH5Khlj6MS6J1ZPbt68HDbrQ=="],

    "bun-types": ["bun-types@1.2.0", "", { "dependencies": { "@types/node": "*", "@types/ws": "~8.5.10" } }, "sha512-KEaJxyZfbV/c4eyG0vyehDpYmBGreNiQbZIqvVHJwZ4BmeuWlNZ7EAzMN2Zcd7ailmS/tGVW0BgYbGf+lGEpWw=="],

    "typescript": ["typescript@5.7.3", "", { "bin": { "tsc": "bin/tsc", "tsserver": "bin/tsserver" } }, "sha512-84MVSjMEHP+FQRPy3pX9sTVV/INIex71s9TL2Gm5FG/WG1SqXeKyZ0k7/blY/4FdOzI12CBy1vGc4og/eus0fw=="],

    "undici-types": ["undici-types@6.20.0", "", {}, "sha512-Ny6QZ2Nju20vw1SRHe3d9jVu6gJ+4e3+MMpqu7pqE5HT6WsTSlce++GQmK5UXS8mzV8DSYHrQH+Xrf2jVcuKNg=="],

    "zod": ["zod@3.24.1", "", {}, "sha512-muH7gBL9sI1nciMZV67X5fTKKBLtwpZ5VBp1vsOQzj1MhrBZ4wlVCm3gedKZWLp0Oyel8sIGfeiz54Su+OVT+A=="],
  }
}
