{
  "lockfileVersion": 0,
  "workspaces": {
    "": {
      "dependencies": {
        "arktype": "^2.1",
        "valibot": "latest",
        "zod": "^3.24",
      },
      "devDependencies": {
        "@tsconfig/strictest": "^2.0",
        "@types/bun": "latest",
        "repo-check": "^1.42",
        "typescript": "^5.8",
      },
    },
  },
  "packages": {
    "@ark/schema": ["@ark/schema@0.43.1", "", { "dependencies": { "@ark/util": "0.43.1" } }, "sha512-B28ceusolthB9bmHQEG9Lp16keUTt5JhuoB9Uhaw7MQh9+ODSbH4d2KJDD/yrMSeoXiNqEGuWmhlR6YO2pdNvA=="],

    "@ark/util": ["@ark/util@0.43.1", "", {}, "sha512-sRx5bZiNoilA7mr5lAu78ZHOJx88nCagLER9Ns1FfoWWHrDWj8J8xU+VFj0g1ujJrAxWsVJRVElOEZ0XzXCrDw=="],

    "@tsconfig/strictest": ["@tsconfig/strictest@2.0.5", "", {}, "sha512-ec4tjL2Rr0pkZ5hww65c+EEPYwxOi4Ryv+0MtjeaSQRJyq322Q27eOQiFbuNgw2hpL4hB1/W/HBGk3VKS43osg=="],

    "@types/bun": ["@types/bun@1.2.4", "", { "dependencies": { "bun-types": "1.2.4" } }, "sha512-QtuV5OMR8/rdKJs213iwXDpfVvnskPXY/S0ZiFbsTjQZycuqPbMW8Gf/XhLfwE5njW8sxI2WjISURXPlHypMFA=="],

    "@types/node": ["@types/node@22.13.4", "", { "dependencies": { "undici-types": "~6.20.0" } }, "sha512-ywP2X0DYtX3y08eFVx5fNIw7/uIv8hYUKgXoK8oayJlLnKcRfEYCxWMVE1XagUdVtCJlZT1AU4LXEABW+L1Peg=="],

    "@types/ws": ["@types/ws@8.5.14", "", { "dependencies": { "@types/node": "*" } }, "sha512-bd/YFLW+URhBzMXurx7lWByOu+xzU9+kb3RboOteXYDfW+tr+JZa99OyNmPINEGB/ahzKrEuc8rcv4gnpJmxTw=="],

    "arg": ["arg@5.0.2", "", {}, "sha512-PYjyFOLKQ9y57JvQ6QLo8dAgNqswh8M1RMJYdQduT6xbWSgK36P/Z/v+p888pM69jMMfS8Xd8F6I1kQ/I9HUGg=="],

    "arktype": ["arktype@2.1.2", "", { "dependencies": { "@ark/schema": "0.43.1", "@ark/util": "0.43.1" } }, "sha512-+uwghWzB1C0WoN6TpVB6wqXpshbRu19LykgddVcD8fk2SZHSgXWcxaTnq+cHnAqtZZOfJ/OI/QDTBmf9SiUFCw=="],

    "bun-types": ["bun-types@1.2.4", "", { "dependencies": { "@types/node": "*", "@types/ws": "~8.5.10" } }, "sha512-nDPymR207ZZEoWD4AavvEaa/KZe/qlrbMSchqpQwovPZCKc7pwMoENjEtHgMKaAjJhy+x6vfqSBA1QU3bJgs0Q=="],

    "detect-indent": ["detect-indent@5.0.0", "", {}, "sha512-rlpvsxUtM0PQvy9iZe640/IWwWYyBsTApREbA1pHOpmOUIl9MkP/U4z7vTtg4Oaojvqhxt7sdufnT0EzGaR31g=="],

    "detect-newline": ["detect-newline@2.1.0", "", {}, "sha512-CwffZFvlJffUg9zZA0uqrjQayUTC8ob94pnr5sFwaVv3IOmkfUHcWH+jXaQK3askE51Cqe8/9Ql/0uXNwqZ8Zg=="],

    "globalyzer": ["globalyzer@0.1.0", "", {}, "sha512-40oNTM9UfG6aBmuKxk/giHn5nQ8RVz/SS4Ir6zgzOv9/qC3kKZ9v4etGTcJbEl/NyVQH7FGU7d+X1egr57Md2Q=="],

    "globrex": ["globrex@0.1.2", "", {}, "sha512-uHJgbwAMwNFf5mLst7IWLNg14x1CkeqglJb/K3doi4dw6q2IvAAmM/Y81kevy83wP+Sst+nutFTYOGg3d1lsxg=="],

    "minimist": ["minimist@1.2.8", "", {}, "sha512-2yyAR8qBkN3YuheJanUpWC5U3bb5osDywNB8RzDVlDwDHbocAJveqqj1u8+SVD7jkWT4yvsHCpWqqWqAxb0zCA=="],

    "repo-check": ["repo-check@1.42.0", "", { "dependencies": { "arg": "5.0", "shuutils": "10.5", "sort-json": "2.0" }, "bin": { "repo-check": "dist/repo-check.cjs" } }, "sha512-AsmKM/MNM26fjJPqob8oMw+7m28/pLUMpH8u05AF1yHLOeW2S1+Hhx6iPSN1T3XBOsO0d7ol1WgCcVF75ZjTYA=="],

    "shuutils": ["shuutils@10.5.0", "", { "dependencies": { "tiny-glob": "0.2" }, "bin": { "unique-mark": "dist/unique-mark.cjs" } }, "sha512-XIBlpWI8zIRYV1f1hdIApAPtsThzqBkIoLfBpmbQY+RVTwDn3mtfJ/ir3ifhdsnoQjcDKkcdiJGdnoLje/KU3w=="],

    "sort-json": ["sort-json@2.0.1", "", { "dependencies": { "detect-indent": "^5.0.0", "detect-newline": "^2.1.0", "minimist": "^1.2.0" }, "bin": { "sort-json": "app/cmd.js" } }, "sha512-s8cs2bcsQCzo/P2T/uoU6Js4dS/jnX8+4xunziNoq9qmSpZNCrRIAIvp4avsz0ST18HycV4z/7myJ7jsHWB2XQ=="],

    "tiny-glob": ["tiny-glob@0.2.9", "", { "dependencies": { "globalyzer": "0.1.0", "globrex": "^0.1.2" } }, "sha512-g/55ssRPUjShh+xkfx9UPDXqhckHEsHr4Vd9zX55oSdGZc/MD0m3sferOkwWtp98bv+kcVfEHtRJgBVJzelrzg=="],

    "typescript": ["typescript@5.8.2", "", { "bin": { "tsc": "bin/tsc", "tsserver": "bin/tsserver" } }, "sha512-aJn6wq13/afZp/jT9QZmwEjDqqvSGp1VT5GVg+f/t6/oVyrgXM6BY1h9BRh/O5p3PlUPAe+WuiEZOmb/49RqoQ=="],

    "undici-types": ["undici-types@6.20.0", "", {}, "sha512-Ny6QZ2Nju20vw1SRHe3d9jVu6gJ+4e3+MMpqu7pqE5HT6WsTSlce++GQmK5UXS8mzV8DSYHrQH+Xrf2jVcuKNg=="],

    "valibot": ["valibot@1.0.0-rc.3", "", { "peerDependencies": { "typescript": ">=5" }, "optionalPeers": ["typescript"] }, "sha512-LT0REa7Iqx4QGcaHLiTiTkcmJqJ9QdpOy89HALFFBJgejTS64GQFRIbDF7e4f6pauQbo/myfKGmWXCLhMeM6+g=="],

    "zod": ["zod@3.24.2", "", {}, "sha512-lY7CDW43ECgW9u1TcT3IoXHflywfVqDYze4waEz812jR/bZ8FHDsl7pFQoSZTz5N+2NqRXs8GBwnAwo3ZNxqhQ=="],
  }
}
